
Microsoft Visual Studio Solution File, Format Version 12.00
# Visual Studio 2013
VisualStudioVersion = 12.0.31101.0
MinimumVisualStudioVersion = 10.0.40219.1
Project("{FAE04EC0-301F-11D3-BF4B-00C04F79EFBC}") = "MarkdownComments", "MarkdownComments.csproj", "{E57F910C-C85C-417A-A0BB-A71940FDC081}"
EndProject
Project("{2150E333-8FDC-42A3-9474-1A3956D46DE8}") = ".nuget", ".nuget", "{99A08B00-A18B-4DE5-9A7A-737596B30396}"
	ProjectSection(SolutionItems) = preProject
		.nuget\NuGet.Config = .nuget\NuGet.Config
		.nuget\NuGet.exe = .nuget\NuGet.exe
		.nuget\NuGet.targets = .nuget\NuGet.targets
	EndProjectSection
EndProject
Global
	GlobalSection(SolutionConfigurationPlatforms) = preSolution
		Debug|Any CPU = Debug|Any CPU
		Release|Any CPU = Release|Any CPU
	EndGlobalSection
	GlobalSection(ProjectConfigurationPlatforms) = postSolution
		{E57F910C-C85C-417A-A0BB-A71940FDC081}.Debug|Any CPU.ActiveCfg = Debug|Any CPU
		{E57F910C-C85C-417A-A0BB-A71940FDC081}.Debug|Any CPU.Build.0 = Debug|Any CPU
		{E57F910C-C85C-417A-A0BB-A71940FDC081}.Release|Any CPU.ActiveCfg = Release|Any CPU
		{E57F910C-C85C-417A-A0BB-A71940FDC081}.Release|Any CPU.Build.0 = Release|Any CPU
	EndGlobalSection
	GlobalSection(SolutionProperties) = preSolution
		HideSolutionNode = FALSE
	EndGlobalSection
EndGlobal
